
Microsoft Visual Studio Solution File, Format Version 12.00
# Visual Studio Version 17
VisualStudioVersion = 17.2.32630.192
MinimumVisualStudioVersion = 10.0.40219.1
Project("{FAE04EC0-301F-11D3-BF4B-00C04F79EFBC}") = "PropiedadesAcceso", "PropiedadesAcceso.csproj", "{79E4C0C5-E406-4FD9-8279-91F27B848DD0}"
EndProject
Global
	GlobalSection(SolutionConfigurationPlatforms) = preSolution
		Debug|Any CPU = Debug|Any CPU
		Release|Any CPU = Release|Any CPU
	EndGlobalSection
	GlobalSection(ProjectConfigurationPlatforms) = postSolution
		{79E4C0C5-E406-4FD9-8279-91F27B848DD0}.Debug|Any CPU.ActiveCfg = Debug|Any CPU
		{79E4C0C5-E406-4FD9-8279-91F27B848DD0}.Debug|Any CPU.Build.0 = Debug|Any CPU
		{79E4C0C5-E406-4FD9-8279-91F27B848DD0}.Release|Any CPU.ActiveCfg = Release|Any CPU
		{79E4C0C5-E406-4FD9-8279-91F27B848DD0}.Release|Any CPU.Build.0 = Release|Any CPU
	EndGlobalSection
	GlobalSection(SolutionProperties) = preSolution
		HideSolutionNode = FALSE
	EndGlobalSection
	GlobalSection(ExtensibilityGlobals) = postSolution
		SolutionGuid = {D3139023-F3D6-4ACE-85C0-E021CCCDFA99}
	EndGlobalSection
EndGlobal
