
Microsoft Visual Studio Solution File, Format Version 12.00
# Visual Studio Version 17
VisualStudioVersion = 17.2.32630.192
MinimumVisualStudioVersion = 10.0.40219.1
Project("{FAE04EC0-301F-11D3-BF4B-00C04F79EFBC}") = "Metodos4", "Metodos4.csproj", "{F3772B3F-4D53-4101-8FEE-657530214CA1}"
EndProject
Global
	GlobalSection(SolutionConfigurationPlatforms) = preSolution
		Debug|Any CPU = Debug|Any CPU
		Release|Any CPU = Release|Any CPU
	EndGlobalSection
	GlobalSection(ProjectConfigurationPlatforms) = postSolution
		{F3772B3F-4D53-4101-8FEE-657530214CA1}.Debug|Any CPU.ActiveCfg = Debug|Any CPU
		{F3772B3F-4D53-4101-8FEE-657530214CA1}.Debug|Any CPU.Build.0 = Debug|Any CPU
		{F3772B3F-4D53-4101-8FEE-657530214CA1}.Release|Any CPU.ActiveCfg = Release|Any CPU
		{F3772B3F-4D53-4101-8FEE-657530214CA1}.Release|Any CPU.Build.0 = Release|Any CPU
	EndGlobalSection
	GlobalSection(SolutionProperties) = preSolution
		HideSolutionNode = FALSE
	EndGlobalSection
	GlobalSection(ExtensibilityGlobals) = postSolution
		SolutionGuid = {B5211FBE-D865-4405-AAA7-0F88793B5F58}
	EndGlobalSection
EndGlobal
