
Microsoft Visual Studio Solution File, Format Version 12.00
# Visual Studio Version 17
VisualStudioVersion = 17.2.32630.192
MinimumVisualStudioVersion = 10.0.40219.1
Project("{FAE04EC0-301F-11D3-BF4B-00C04F79EFBC}") = "Enum2", "Enum2.csproj", "{44556A35-6173-44BD-B224-6E7DFEBE3851}"
EndProject
Global
	GlobalSection(SolutionConfigurationPlatforms) = preSolution
		Debug|Any CPU = Debug|Any CPU
		Release|Any CPU = Release|Any CPU
	EndGlobalSection
	GlobalSection(ProjectConfigurationPlatforms) = postSolution
		{44556A35-6173-44BD-B224-6E7DFEBE3851}.Debug|Any CPU.ActiveCfg = Debug|Any CPU
		{44556A35-6173-44BD-B224-6E7DFEBE3851}.Debug|Any CPU.Build.0 = Debug|Any CPU
		{44556A35-6173-44BD-B224-6E7DFEBE3851}.Release|Any CPU.ActiveCfg = Release|Any CPU
		{44556A35-6173-44BD-B224-6E7DFEBE3851}.Release|Any CPU.Build.0 = Release|Any CPU
	EndGlobalSection
	GlobalSection(SolutionProperties) = preSolution
		HideSolutionNode = FALSE
	EndGlobalSection
	GlobalSection(ExtensibilityGlobals) = postSolution
		SolutionGuid = {BA4D050F-CE51-4F22-BEFC-9ED5E60F0BDE}
	EndGlobalSection
EndGlobal
