
Microsoft Visual Studio Solution File, Format Version 12.00
# Visual Studio Version 17
VisualStudioVersion = 17.2.32630.192
MinimumVisualStudioVersion = 10.0.40219.1
Project("{FAE04EC0-301F-11D3-BF4B-00C04F79EFBC}") = "Delegate3", "Delegate3.csproj", "{6C87947C-16B6-414D-ACF4-29EAC2100E8A}"
EndProject
Global
	GlobalSection(SolutionConfigurationPlatforms) = preSolution
		Debug|Any CPU = Debug|Any CPU
		Release|Any CPU = Release|Any CPU
	EndGlobalSection
	GlobalSection(ProjectConfigurationPlatforms) = postSolution
		{6C87947C-16B6-414D-ACF4-29EAC2100E8A}.Debug|Any CPU.ActiveCfg = Debug|Any CPU
		{6C87947C-16B6-414D-ACF4-29EAC2100E8A}.Debug|Any CPU.Build.0 = Debug|Any CPU
		{6C87947C-16B6-414D-ACF4-29EAC2100E8A}.Release|Any CPU.ActiveCfg = Release|Any CPU
		{6C87947C-16B6-414D-ACF4-29EAC2100E8A}.Release|Any CPU.Build.0 = Release|Any CPU
	EndGlobalSection
	GlobalSection(SolutionProperties) = preSolution
		HideSolutionNode = FALSE
	EndGlobalSection
	GlobalSection(ExtensibilityGlobals) = postSolution
		SolutionGuid = {E2124279-3CA6-4560-8B5D-9B7C9D7CC4A1}
	EndGlobalSection
EndGlobal
