
Microsoft Visual Studio Solution File, Format Version 12.00
# Visual Studio Version 17
VisualStudioVersion = 17.2.32630.192
MinimumVisualStudioVersion = 10.0.40219.1
Project("{FAE04EC0-301F-11D3-BF4B-00C04F79EFBC}") = "UsoCoches", "UsoCoches.csproj", "{B16B2D99-2DFA-48B2-8CC7-4D883B72785C}"
EndProject
Global
	GlobalSection(SolutionConfigurationPlatforms) = preSolution
		Debug|Any CPU = Debug|Any CPU
		Release|Any CPU = Release|Any CPU
	EndGlobalSection
	GlobalSection(ProjectConfigurationPlatforms) = postSolution
		{B16B2D99-2DFA-48B2-8CC7-4D883B72785C}.Debug|Any CPU.ActiveCfg = Debug|Any CPU
		{B16B2D99-2DFA-48B2-8CC7-4D883B72785C}.Debug|Any CPU.Build.0 = Debug|Any CPU
		{B16B2D99-2DFA-48B2-8CC7-4D883B72785C}.Release|Any CPU.ActiveCfg = Release|Any CPU
		{B16B2D99-2DFA-48B2-8CC7-4D883B72785C}.Release|Any CPU.Build.0 = Release|Any CPU
	EndGlobalSection
	GlobalSection(SolutionProperties) = preSolution
		HideSolutionNode = FALSE
	EndGlobalSection
	GlobalSection(ExtensibilityGlobals) = postSolution
		SolutionGuid = {5E286180-F9FA-4C77-9CAA-2F0220D0BBE1}
	EndGlobalSection
EndGlobal
