
Microsoft Visual Studio Solution File, Format Version 12.00
# Visual Studio Version 17
VisualStudioVersion = 17.2.32630.192
MinimumVisualStudioVersion = 10.0.40219.1
Project("{FAE04EC0-301F-11D3-BF4B-00C04F79EFBC}") = "Condicional IF3", "Condicional IF3.csproj", "{1F86DC3A-EF42-4973-8881-1C60395C273A}"
EndProject
Global
	GlobalSection(SolutionConfigurationPlatforms) = preSolution
		Debug|Any CPU = Debug|Any CPU
		Release|Any CPU = Release|Any CPU
	EndGlobalSection
	GlobalSection(ProjectConfigurationPlatforms) = postSolution
		{1F86DC3A-EF42-4973-8881-1C60395C273A}.Debug|Any CPU.ActiveCfg = Debug|Any CPU
		{1F86DC3A-EF42-4973-8881-1C60395C273A}.Debug|Any CPU.Build.0 = Debug|Any CPU
		{1F86DC3A-EF42-4973-8881-1C60395C273A}.Release|Any CPU.ActiveCfg = Release|Any CPU
		{1F86DC3A-EF42-4973-8881-1C60395C273A}.Release|Any CPU.Build.0 = Release|Any CPU
	EndGlobalSection
	GlobalSection(SolutionProperties) = preSolution
		HideSolutionNode = FALSE
	EndGlobalSection
	GlobalSection(ExtensibilityGlobals) = postSolution
		SolutionGuid = {F2001982-F24A-48EE-88EE-76CB6B7B564D}
	EndGlobalSection
EndGlobal
