
Microsoft Visual Studio Solution File, Format Version 12.00
# Visual Studio Version 17
VisualStudioVersion = 17.2.32630.192
MinimumVisualStudioVersion = 10.0.40219.1
Project("{FAE04EC0-301F-11D3-BF4B-00C04F79EFBC}") = "Colecciones3", "Colecciones3.csproj", "{8042DE45-D023-4EB3-9CC2-F785F9EF86BE}"
EndProject
Global
	GlobalSection(SolutionConfigurationPlatforms) = preSolution
		Debug|Any CPU = Debug|Any CPU
		Release|Any CPU = Release|Any CPU
	EndGlobalSection
	GlobalSection(ProjectConfigurationPlatforms) = postSolution
		{8042DE45-D023-4EB3-9CC2-F785F9EF86BE}.Debug|Any CPU.ActiveCfg = Debug|Any CPU
		{8042DE45-D023-4EB3-9CC2-F785F9EF86BE}.Debug|Any CPU.Build.0 = Debug|Any CPU
		{8042DE45-D023-4EB3-9CC2-F785F9EF86BE}.Release|Any CPU.ActiveCfg = Release|Any CPU
		{8042DE45-D023-4EB3-9CC2-F785F9EF86BE}.Release|Any CPU.Build.0 = Release|Any CPU
	EndGlobalSection
	GlobalSection(SolutionProperties) = preSolution
		HideSolutionNode = FALSE
	EndGlobalSection
	GlobalSection(ExtensibilityGlobals) = postSolution
		SolutionGuid = {8266E089-8780-46F1-BF7D-82FFC46382B0}
	EndGlobalSection
EndGlobal
