
Microsoft Visual Studio Solution File, Format Version 12.00
# Visual Studio Version 17
VisualStudioVersion = 17.3.32819.101
MinimumVisualStudioVersion = 10.0.40219.1
Project("{FAE04EC0-301F-11D3-BF4B-00C04F79EFBC}") = "ExpresionesLambda3", "ExpresionesLambda3.csproj", "{7447A8A4-2AF2-4941-BCB9-3A2E205E9748}"
EndProject
Global
	GlobalSection(SolutionConfigurationPlatforms) = preSolution
		Debug|Any CPU = Debug|Any CPU
		Release|Any CPU = Release|Any CPU
	EndGlobalSection
	GlobalSection(ProjectConfigurationPlatforms) = postSolution
		{7447A8A4-2AF2-4941-BCB9-3A2E205E9748}.Debug|Any CPU.ActiveCfg = Debug|Any CPU
		{7447A8A4-2AF2-4941-BCB9-3A2E205E9748}.Debug|Any CPU.Build.0 = Debug|Any CPU
		{7447A8A4-2AF2-4941-BCB9-3A2E205E9748}.Release|Any CPU.ActiveCfg = Release|Any CPU
		{7447A8A4-2AF2-4941-BCB9-3A2E205E9748}.Release|Any CPU.Build.0 = Release|Any CPU
	EndGlobalSection
	GlobalSection(SolutionProperties) = preSolution
		HideSolutionNode = FALSE
	EndGlobalSection
	GlobalSection(ExtensibilityGlobals) = postSolution
		SolutionGuid = {11B3C2FB-F18F-459E-A051-6E09DFAB2302}
	EndGlobalSection
EndGlobal
