
Microsoft Visual Studio Solution File, Format Version 12.00
# Visual Studio Version 17
VisualStudioVersion = 17.2.32630.192
MinimumVisualStudioVersion = 10.0.40219.1
Project("{FAE04EC0-301F-11D3-BF4B-00C04F79EFBC}") = "Dictionary", "Dictionary.csproj", "{72A886EE-9EDE-431F-9A30-8F69439D947E}"
EndProject
Global
	GlobalSection(SolutionConfigurationPlatforms) = preSolution
		Debug|Any CPU = Debug|Any CPU
		Release|Any CPU = Release|Any CPU
	EndGlobalSection
	GlobalSection(ProjectConfigurationPlatforms) = postSolution
		{72A886EE-9EDE-431F-9A30-8F69439D947E}.Debug|Any CPU.ActiveCfg = Debug|Any CPU
		{72A886EE-9EDE-431F-9A30-8F69439D947E}.Debug|Any CPU.Build.0 = Debug|Any CPU
		{72A886EE-9EDE-431F-9A30-8F69439D947E}.Release|Any CPU.ActiveCfg = Release|Any CPU
		{72A886EE-9EDE-431F-9A30-8F69439D947E}.Release|Any CPU.Build.0 = Release|Any CPU
	EndGlobalSection
	GlobalSection(SolutionProperties) = preSolution
		HideSolutionNode = FALSE
	EndGlobalSection
	GlobalSection(ExtensibilityGlobals) = postSolution
		SolutionGuid = {E446295F-E775-41BB-AAE0-C85F20FB1A34}
	EndGlobalSection
EndGlobal
