
Microsoft Visual Studio Solution File, Format Version 12.00
# Visual Studio Version 17
VisualStudioVersion = 17.2.32630.192
MinimumVisualStudioVersion = 10.0.40219.1
Project("{FAE04EC0-301F-11D3-BF4B-00C04F79EFBC}") = "Metodos2", "Metodos2.csproj", "{0725AAB1-DA52-45A5-A71E-4ED5C3C3E78E}"
EndProject
Global
	GlobalSection(SolutionConfigurationPlatforms) = preSolution
		Debug|Any CPU = Debug|Any CPU
		Release|Any CPU = Release|Any CPU
	EndGlobalSection
	GlobalSection(ProjectConfigurationPlatforms) = postSolution
		{0725AAB1-DA52-45A5-A71E-4ED5C3C3E78E}.Debug|Any CPU.ActiveCfg = Debug|Any CPU
		{0725AAB1-DA52-45A5-A71E-4ED5C3C3E78E}.Debug|Any CPU.Build.0 = Debug|Any CPU
		{0725AAB1-DA52-45A5-A71E-4ED5C3C3E78E}.Release|Any CPU.ActiveCfg = Release|Any CPU
		{0725AAB1-DA52-45A5-A71E-4ED5C3C3E78E}.Release|Any CPU.Build.0 = Release|Any CPU
	EndGlobalSection
	GlobalSection(SolutionProperties) = preSolution
		HideSolutionNode = FALSE
	EndGlobalSection
	GlobalSection(ExtensibilityGlobals) = postSolution
		SolutionGuid = {AE00EAFE-0294-4673-91EB-A26950276DC4}
	EndGlobalSection
EndGlobal
